Microsoft Visual Studio Solution File, Format Version 11.00
# Visual Studio 2008

Project("{E2EEF311-E808-44A2-1C42-9B543CF5148C}") = "ProjectBear", "Assembly-CSharp.csproj", "{9F5D57A2-01D9-EFAA-E515-A50903CC3A53}"
EndProject
Global
	GlobalSection(SolutionConfigurationPlatforms) = preSolution
		Debug|Any CPU = Debug|Any CPU
		Release|Any CPU = Release|Any CPU
	EndGlobalSection
	GlobalSection(ProjectConfigurationPlatforms) = postSolution
		{9F5D57A2-01D9-EFAA-E515-A50903CC3A53}.Debug|Any CPU.ActiveCfg = Debug|Any CPU
		{9F5D57A2-01D9-EFAA-E515-A50903CC3A53}.Debug|Any CPU.Build.0 = Debug|Any CPU
		{9F5D57A2-01D9-EFAA-E515-A50903CC3A53}.Release|Any CPU.ActiveCfg = Release|Any CPU
		{9F5D57A2-01D9-EFAA-E515-A50903CC3A53}.Release|Any CPU.Build.0 = Release|Any CPU
	EndGlobalSection
	GlobalSection(SolutionProperties) = preSolution
		HideSolutionNode = FALSE
	EndGlobalSection
	GlobalSection(MonoDevelopProperties) = preSolution
		StartupItem = Assembly-CSharp.csproj
	EndGlobalSection
EndGlobal
